// !$*UTF8*$!
{
	archiveVersion = 1;
	classes = {
	};
	objectVersion = 52;
	objects = {

/* Begin PBXBuildFile section */
		1818199D2703D02D003234F0 /* MovieDetailViewController.swift in Sources */ = {isa = PBXBuildFile; fileRef = 1818199C2703D02D003234F0 /* MovieDetailViewController.swift */; };
		1818199F27040E81003234F0 /* UIGridViewController.swift in Sources */ = {isa = PBXBuildFile; fileRef = 1818199E27040E81003234F0 /* UIGridViewController.swift */; };
		181819A12704172A003234F0 /* CollectionViewCell.swift in Sources */ = {isa = PBXBuildFile; fileRef = 181819A02704172A003234F0 /* CollectionViewCell.swift */; };
		187A87F226FACDED00F3C1B3 /* AppDelegate.swift in Sources */ = {isa = PBXBuildFile; fileRef = 187A87F126FACDED00F3C1B3 /* AppDelegate.swift */; };
		187A87F426FACDED00F3C1B3 /* SceneDelegate.swift in Sources */ = {isa = PBXBuildFile; fileRef = 187A87F326FACDED00F3C1B3 /* SceneDelegate.swift */; };
		187A87F626FACDED00F3C1B3 /* ViewController.swift in Sources */ = {isa = PBXBuildFile; fileRef = 187A87F526FACDED00F3C1B3 /* ViewController.swift */; };
		187A87F926FACDED00F3C1B3 /* Main.storyboard in Resources */ = {isa = PBXBuildFile; fileRef = 187A87F726FACDED00F3C1B3 /* Main.storyboard */; };
		187A87FB26FACDEF00F3C1B3 /* Assets.xcassets in Resources */ = {isa = PBXBuildFile; fileRef = 187A87FA26FACDEF00F3C1B3 /* Assets.xcassets */; };
		187A87FE26FACDEF00F3C1B3 /* LaunchScreen.storyboard in Resources */ = {isa = PBXBuildFile; fileRef = 187A87FC26FACDEF00F3C1B3 /* LaunchScreen.storyboard */; };
		187A880626FAD95100F3C1B3 /* MovieCell.swift in Sources */ = {isa = PBXBuildFile; fileRef = 187A880526FAD95100F3C1B3 /* MovieCell.swift */; };
		187A880926FAE99200F3C1B3 /* AlamofireImage in Frameworks */ = {isa = PBXBuildFile; productRef = 187A880826FAE99200F3C1B3 /* AlamofireImage */; };
		AED2682C67DFBA586D63EA76 /* Pods_Flix.framework in Frameworks */ = {isa = PBXBuildFile; fileRef = 7CA2A76A1CDD44DFD91FBF21 /* Pods_Flix.framework */; };
/* End PBXBuildFile section */

/* Begin PBXFileReference section */
		1818199C2703D02D003234F0 /* MovieDetailViewController.swift */ = {isa = PBXFileReference; lastKnownFileType = sourcecode.swift; path = MovieDetailViewController.swift; sourceTree = "<group>"; };
		1818199E27040E81003234F0 /* UIGridViewController.swift */ = {isa = PBXFileReference; lastKnownFileType = sourcecode.swift; path = UIGridViewController.swift; sourceTree = "<group>"; };
		181819A02704172A003234F0 /* CollectionViewCell.swift */ = {isa = PBXFileReference; lastKnownFileType = sourcecode.swift; path = CollectionViewCell.swift; sourceTree = "<group>"; };
		187A87EE26FACDED00F3C1B3 /* Flix.app */ = {isa = PBXFileReference; explicitFileType = wrapper.application; includeInIndex = 0; path = Flix.app; sourceTree = BUILT_PRODUCTS_DIR; };
		187A87F126FACDED00F3C1B3 /* AppDelegate.swift */ = {isa = PBXFileReference; lastKnownFileType = sourcecode.swift; path = AppDelegate.swift; sourceTree = "<group>"; };
		187A87F326FACDED00F3C1B3 /* SceneDelegate.swift */ = {isa = PBXFileReference; lastKnownFileType = sourcecode.swift; path = SceneDelegate.swift; sourceTree = "<group>"; };
		187A87F526FACDED00F3C1B3 /* ViewController.swift */ = {isa = PBXFileReference; lastKnownFileType = sourcecode.swift; path = ViewController.swift; sourceTree = "<group>"; };
		187A87F826FACDED00F3C1B3 /* Base */ = {isa = PBXFileReference; lastKnownFileType = file.storyboard; name = Base; path = Base.lproj/Main.storyboard; sourceTree = "<group>"; };
		187A87FA26FACDEF00F3C1B3 /* Assets.xcassets */ = {isa = PBXFileReference; lastKnownFileType = folder.assetcatalog; path = Assets.xcassets; sourceTree = "<group>"; };
		187A87FD26FACDEF00F3C1B3 /* Base */ = {isa = PBXFileReference; lastKnownFileType = file.storyboard; name = Base; path = Base.lproj/LaunchScreen.storyboard; sourceTree = "<group>"; };
		187A87FF26FACDEF00F3C1B3 /* Info.plist */ = {isa = PBXFileReference; lastKnownFileType = text.plist.xml; path = Info.plist; sourceTree = "<group>"; };
		187A880526FAD95100F3C1B3 /* MovieCell.swift */ = {isa = PBXFileReference; lastKnownFileType = sourcecode.swift; path = MovieCell.swift; sourceTree = "<group>"; };
		3C762949C3B9AE1DACD6F1C7 /* Pods-Flix.release.xcconfig */ = {isa = PBXFileReference; includeInIndex = 1; lastKnownFileType = text.xcconfig; name = "Pods-Flix.release.xcconfig"; path = "Target Support Files/Pods-Flix/Pods-Flix.release.xcconfig"; sourceTree = "<group>"; };
		7CA2A76A1CDD44DFD91FBF21 /* Pods_Flix.framework */ = {isa = PBXFileReference; explicitFileType = wrapper.framework; includeInIndex = 0; path = Pods_Flix.framework; sourceTree = BUILT_PRODUCTS_DIR; };
		F57A170F69DDEB55204A1E95 /* Pods-Flix.debug.xcconfig */ = {isa = PBXFileReference; includeInIndex = 1; lastKnownFileType = text.xcconfig; name = "Pods-Flix.debug.xcconfig"; path = "Target Support Files/Pods-Flix/Pods-Flix.debug.xcconfig"; sourceTree = "<group>"; };
/* End PBXFileReference section */

/* Begin PBXFrameworksBuildPhase section */
		187A87EB26FACDED00F3C1B3 /* Frameworks */ = {
			isa = PBXFrameworksBuildPhase;
			buildActionMask = 2147483647;
			files = (
				187A880926FAE99200F3C1B3 /* AlamofireImage in Frameworks */,
				AED2682C67DFBA586D63EA76 /* Pods_Flix.framework in Frameworks */,
			);
			runOnlyForDeploymentPostprocessing = 0;
		};
/* End PBXFrameworksBuildPhase section */

/* Begin PBXGroup section */
		1568A15C07B918E3C16FC5FB /* Pods */ = {
			isa = PBXGroup;
			children = (
				F57A170F69DDEB55204A1E95 /* Pods-Flix.debug.xcconfig */,
				3C762949C3B9AE1DACD6F1C7 /* Pods-Flix.release.xcconfig */,
			);
			path = Pods;
			sourceTree = "<group>";
		};
		187A87E526FACDED00F3C1B3 = {
			isa = PBXGroup;
			children = (
				187A87F026FACDED00F3C1B3 /* Flix */,
				187A87EF26FACDED00F3C1B3 /* Products */,
				1568A15C07B918E3C16FC5FB /* Pods */,
				9B7E7FCD70BCFEFFCEEED11B /* Frameworks */,
			);
			sourceTree = "<group>";
		};
		187A87EF26FACDED00F3C1B3 /* Products */ = {
			isa = PBXGroup;
			children = (
				187A87EE26FACDED00F3C1B3 /* Flix.app */,
			);
			name = Products;
			sourceTree = "<group>";
		};
		187A87F026FACDED00F3C1B3 /* Flix */ = {
			isa = PBXGroup;
			children = (
				187A87F126FACDED00F3C1B3 /* AppDelegate.swift */,
				187A87F326FACDED00F3C1B3 /* SceneDelegate.swift */,
				187A87F526FACDED00F3C1B3 /* ViewController.swift */,
				187A87F726FACDED00F3C1B3 /* Main.storyboard */,
				187A87FA26FACDEF00F3C1B3 /* Assets.xcassets */,
				187A87FC26FACDEF00F3C1B3 /* LaunchScreen.storyboard */,
				187A87FF26FACDEF00F3C1B3 /* Info.plist */,
				187A880526FAD95100F3C1B3 /* MovieCell.swift */,
				1818199C2703D02D003234F0 /* MovieDetailViewController.swift */,
				1818199E27040E81003234F0 /* UIGridViewController.swift */,
				181819A02704172A003234F0 /* CollectionViewCell.swift */,
			);
			path = Flix;
			sourceTree = "<group>";
		};
		9B7E7FCD70BCFEFFCEEED11B /* Frameworks */ = {
			isa = PBXGroup;
			children = (
				7CA2A76A1CDD44DFD91FBF21 /* Pods_Flix.framework */,
			);
			name = Frameworks;
			sourceTree = "<group>";
		};
/* End PBXGroup section */

/* Begin PBXNativeTarget section */
		187A87ED26FACDED00F3C1B3 /* Flix */ = {
			isa = PBXNativeTarget;
			buildConfigurationList = 187A880226FACDEF00F3C1B3 /* Build configuration list for PBXNativeTarget "Flix" */;
			buildPhases = (
				EC6F86F063C133D6C747B84B /* [CP] Check Pods Manifest.lock */,
				187A87EA26FACDED00F3C1B3 /* Sources */,
				187A87EB26FACDED00F3C1B3 /* Frameworks */,
				187A87EC26FACDED00F3C1B3 /* Resources */,
				757CE8D641C2242A1B78AC3E /* [CP] Embed Pods Frameworks */,
			);
			buildRules = (
			);
			dependencies = (
			);
			name = Flix;
			packageProductDependencies = (
				187A880826FAE99200F3C1B3 /* AlamofireImage */,
			);
			productName = Flix;
			productReference = 187A87EE26FACDED00F3C1B3 /* Flix.app */;
			productType = "com.apple.product-type.application";
		};
/* End PBXNativeTarget section */

/* Begin PBXProject section */
		187A87E626FACDED00F3C1B3 /* Project object */ = {
			isa = PBXProject;
			attributes = {
				LastSwiftUpdateCheck = 1250;
				LastUpgradeCheck = 1250;
				TargetAttributes = {
					187A87ED26FACDED00F3C1B3 = {
						CreatedOnToolsVersion = 12.5.1;
					};
				};
			};
			buildConfigurationList = 187A87E926FACDED00F3C1B3 /* Build configuration list for PBXProject "Flix" */;
			compatibilityVersion = "Xcode 9.3";
			developmentRegion = en;
			hasScannedForEncodings = 0;
			knownRegions = (
				en,
				Base,
			);
			mainGroup = 187A87E526FACDED00F3C1B3;
			packageReferences = (
				187A880726FAE99200F3C1B3 /* XCRemoteSwiftPackageReference "AlamofireImage" */,
			);
			productRefGroup = 187A87EF26FACDED00F3C1B3 /* Products */;
			projectDirPath = "";
			projectRoot = "";
			targets = (
				187A87ED26FACDED00F3C1B3 /* Flix */,
			);
		};
/* End PBXProject section */

/* Begin PBXResourcesBuildPhase section */
		187A87EC26FACDED00F3C1B3 /* Resources */ = {
			isa = PBXResourcesBuildPhase;
			buildActionMask = 2147483647;
			files = (
				187A87FE26FACDEF00F3C1B3 /* LaunchScreen.storyboard in Resources */,
				187A87FB26FACDEF00F3C1B3 /* Assets.xcassets in Resources */,
				187A87F926FACDED00F3C1B3 /* Main.storyboard in Resources */,
			);
			runOnlyForDeploymentPostprocessing = 0;
		};
/* End PBXResourcesBuildPhase section */

/* Begin PBXShellScriptBuildPhase section */
		757CE8D641C2242A1B78AC3E /* [CP] Embed Pods Frameworks */ = {
			isa = PBXShellScriptBuildPhase;
			buildActionMask = 2147483647;
			files = (
			);
			inputFileListPaths = (
				"${PODS_ROOT}/Target Support Files/Pods-Flix/Pods-Flix-frameworks-${CONFIGURATION}-input-files.xcfilelist",
			);
			name = "[CP] Embed Pods Frameworks";
			outputFileListPaths = (
				"${PODS_ROOT}/Target Support Files/Pods-Flix/Pods-Flix-frameworks-${CONFIGURATION}-output-files.xcfilelist",
			);
			runOnlyForDeploymentPostprocessing = 0;
			shellPath = /bin/sh;
			shellScript = "\"${PODS_ROOT}/Target Support Files/Pods-Flix/Pods-Flix-frameworks.sh\"\n";
			showEnvVarsInLog = 0;
		};
		EC6F86F063C133D6C747B84B /* [CP] Check Pods Manifest.lock */ = {
			isa = PBXShellScriptBuildPhase;
			buildActionMask = 2147483647;
			files = (
			);
			inputFileListPaths = (
			);
			inputPaths = (
				"${PODS_PODFILE_DIR_PATH}/Podfile.lock",
				"${PODS_ROOT}/Manifest.lock",
			);
			name = "[CP] Check Pods Manifest.lock";
			outputFileListPaths = (
			);
			outputPaths = (
				"$(DERIVED_FILE_DIR)/Pods-Flix-checkManifestLockResult.txt",
			);
			runOnlyForDeploymentPostprocessing = 0;
			shellPath = /bin/sh;
			shellScript = "diff \"${PODS_PODFILE_DIR_PATH}/Podfile.lock\" \"${PODS_ROOT}/Manifest.lock\" > /dev/null\nif [ $? != 0 ] ; then\n    # print error to STDERR\n    echo \"error: The sandbox is not in sync with the Podfile.lock. Run 'pod install' or update your CocoaPods installation.\" >&2\n    exit 1\nfi\n# This output is used by Xcode 'outputs' to avoid re-running this script phase.\necho \"SUCCESS\" > \"${SCRIPT_OUTPUT_FILE_0}\"\n";
			showEnvVarsInLog = 0;
		};
/* End PBXShellScriptBuildPhase section */

/* Begin PBXSourcesBuildPhase section */
		187A87EA26FACDED00F3C1B3 /* Sources */ = {
			isa = PBXSourcesBuildPhase;
			buildActionMask = 2147483647;
			files = (
				1818199F27040E81003234F0 /* UIGridViewController.swift in Sources */,
				187A87F626FACDED00F3C1B3 /* ViewController.swift in Sources */,
				1818199D2703D02D003234F0 /* MovieDetailViewController.swift in Sources */,
				181819A12704172A003234F0 /* CollectionViewCell.swift in Sources */,
				187A87F226FACDED00F3C1B3 /* AppDelegate.swift in Sources */,
				187A880626FAD95100F3C1B3 /* MovieCell.swift in Sources */,
				187A87F426FACDED00F3C1B3 /* SceneDelegate.swift in Sources */,
			);
			runOnlyForDeploymentPostprocessing = 0;
		};
/* End PBXSourcesBuildPhase section */

/* Begin PBXVariantGroup section */
		187A87F726FACDED00F3C1B3 /* Main.storyboard */ = {
			isa = PBXVariantGroup;
			children = (
				187A87F826FACDED00F3C1B3 /* Base */,
			);
			name = Main.storyboard;
			sourceTree = "<group>";
		};
		187A87FC26FACDEF00F3C1B3 /* LaunchScreen.storyboard */ = {
			isa = PBXVariantGroup;
			children = (
				187A87FD26FACDEF00F3C1B3 /* Base */,
			);
			name = LaunchScreen.storyboard;
			sourceTree = "<group>";
		};
/* End PBXVariantGroup section */

/* Begin XCBuildConfiguration section */
		187A880026FACDEF00F3C1B3 /* Debug */ = {
			isa = XCBuildConfiguration;
			buildSettings = {
				ALWAYS_SEARCH_USER_PATHS = NO;
				CLANG_ANALYZER_NONNULL = YES;
				CLANG_ANALYZER_NUMBER_OBJECT_CONVERSION = YES_AGGRESSIVE;
				CLANG_CXX_LANGUAGE_STANDARD = "gnu++14";
				CLANG_CXX_LIBRARY = "libc++";
				CLANG_ENABLE_MODULES = YES;
				CLANG_ENABLE_OBJC_ARC = YES;
				CLANG_ENABLE_OBJC_WEAK = YES;
				CLANG_WARN_BLOCK_CAPTURE_AUTORELEASING = YES;
				CLANG_WARN_BOOL_CONVERSION = YES;
				CLANG_WARN_COMMA = YES;
				CLANG_WARN_CONSTANT_CONVERSION = YES;
				CLANG_WARN_DEPRECATED_OBJC_IMPLEMENTATIONS = YES;
				CLANG_WARN_DIRECT_OBJC_ISA_USAGE = YES_ERROR;
				CLANG_WARN_DOCUMENTATION_COMMENTS = YES;
				CLANG_WARN_EMPTY_BODY = YES;
				CLANG_WARN_ENUM_CONVERSION = YES;
				CLANG_WARN_INFINITE_RECURSION = YES;
				CLANG_WARN_INT_CONVERSION = YES;
				CLANG_WARN_NON_LITERAL_NULL_CONVERSION = YES;
				CLANG_WARN_OBJC_IMPLICIT_RETAIN_SELF = YES;
				CLANG_WARN_OBJC_LITERAL_CONVERSION = YES;
				CLANG_WARN_OBJC_ROOT_CLASS = YES_ERROR;
				CLANG_WARN_QUOTED_INCLUDE_IN_FRAMEWORK_HEADER = YES;
				CLANG_WARN_RANGE_LOOP_ANALYSIS = YES;
				CLANG_WARN_STRICT_PROTOTYPES = YES;
				CLANG_WARN_SUSPICIOUS_MOVE = YES;
				CLANG_WARN_UNGUARDED_AVAILABILITY = YES_AGGRESSIVE;
				CLANG_WARN_UNREACHABLE_CODE = YES;
				CLANG_WARN__DUPLICATE_METHOD_MATCH = YES;
				COPY_PHASE_STRIP = NO;
				DEBUG_INFORMATION_FORMAT = dwarf;
				ENABLE_STRICT_OBJC_MSGSEND = YES;
				ENABLE_TESTABILITY = YES;
				GCC_C_LANGUAGE_STANDARD = gnu11;
				GCC_DYNAMIC_NO_PIC = NO;
				GCC_NO_COMMON_BLOCKS = YES;
				GCC_OPTIMIZATION_LEVEL = 0;
				GCC_PREPROCESSOR_DEFINITIONS = (
					"DEBUG=1",
					"$(inherited)",
				);
				GCC_WARN_64_TO_32_BIT_CONVERSION = YES;
				GCC_WARN_ABOUT_RETURN_TYPE = YES_ERROR;
				GCC_WARN_UNDECLARED_SELECTOR = YES;
				GCC_WARN_UNINITIALIZED_AUTOS = YES_AGGRESSIVE;
				GCC_WARN_UNUSED_FUNCTION = YES;
				GCC_WARN_UNUSED_VARIABLE = YES;
				IPHONEOS_DEPLOYMENT_TARGET = 14.5;
				MTL_ENABLE_DEBUG_INFO = INCLUDE_SOURCE;
				MTL_FAST_MATH = YES;
				ONLY_ACTIVE_ARCH = YES;
				SDKROOT = iphoneos;
				SWIFT_ACTIVE_COMPILATION_CONDITIONS = DEBUG;
				SWIFT_OPTIMIZATION_LEVEL = "-Onone";
			};
			name = Debug;
		};
		187A880126FACDEF00F3C1B3 /* Release */ = {
			isa = XCBuildConfiguration;
			buildSettings = {
				ALWAYS_SEARCH_USER_PATHS = NO;
				CLANG_ANALYZER_NONNULL = YES;
				CLANG_ANALYZER_NUMBER_OBJECT_CONVERSION = YES_AGGRESSIVE;
				CLANG_CXX_LANGUAGE_STANDARD = "gnu++14";
				CLANG_CXX_LIBRARY = "libc++";
				CLANG_ENABLE_MODULES = YES;
				CLANG_ENABLE_OBJC_ARC = YES;
				CLANG_ENABLE_OBJC_WEAK = YES;
				CLANG_WARN_BLOCK_CAPTURE_AUTORELEASING = YES;
				CLANG_WARN_BOOL_CONVERSION = YES;
				CLANG_WARN_COMMA = YES;
				CLANG_WARN_CONSTANT_CONVERSION = YES;
				CLANG_WARN_DEPRECATED_OBJC_IMPLEMENTATIONS = YES;
				CLANG_WARN_DIRECT_OBJC_ISA_USAGE = YES_ERROR;
				CLANG_WARN_DOCUMENTATION_COMMENTS = YES;
				CLANG_WARN_EMPTY_BODY = YES;
				CLANG_WARN_ENUM_CONVERSION = YES;
				CLANG_WARN_INFINITE_RECURSION = YES;
				CLANG_WARN_INT_CONVERSION = YES;
				CLANG_WARN_NON_LITERAL_NULL_CONVERSION = YES;
				CLANG_WARN_OBJC_IMPLICIT_RETAIN_SELF = YES;
				CLANG_WARN_OBJC_LITERAL_CONVERSION = YES;
				CLANG_WARN_OBJC_ROOT_CLASS = YES_ERROR;
				CLANG_WARN_QUOTED_INCLUDE_IN_FRAMEWORK_HEADER = YES;
				CLANG_WARN_RANGE_LOOP_ANALYSIS = YES;
				CLANG_WARN_STRICT_PROTOTYPES = YES;
				CLANG_WARN_SUSPICIOUS_MOVE = YES;
				CLANG_WARN_UNGUARDED_AVAILABILITY = YES_AGGRESSIVE;
				CLANG_WARN_UNREACHABLE_CODE = YES;
				CLANG_WARN__DUPLICATE_METHOD_MATCH = YES;
				COPY_PHASE_STRIP = NO;
				DEBUG_INFORMATION_FORMAT = "dwarf-with-dsym";
				ENABLE_NS_ASSERTIONS = NO;
				ENABLE_STRICT_OBJC_MSGSEND = YES;
				GCC_C_LANGUAGE_STANDARD = gnu11;
				GCC_NO_COMMON_BLOCKS = YES;
				GCC_WARN_64_TO_32_BIT_CONVERSION = YES;
				GCC_WARN_ABOUT_RETURN_TYPE = YES_ERROR;
				GCC_WARN_UNDECLARED_SELECTOR = YES;
				GCC_WARN_UNINITIALIZED_AUTOS = YES_AGGRESSIVE;
				GCC_WARN_UNUSED_FUNCTION = YES;
				GCC_WARN_UNUSED_VARIABLE = YES;
				IPHONEOS_DEPLOYMENT_TARGET = 14.5;
				MTL_ENABLE_DEBUG_INFO = NO;
				MTL_FAST_MATH = YES;
				SDKROOT = iphoneos;
				SWIFT_COMPILATION_MODE = wholemodule;
				SWIFT_OPTIMIZATION_LEVEL = "-O";
				VALIDATE_PRODUCT = YES;
			};
			name = Release;
		};
		187A880326FACDEF00F3C1B3 /* Debug */ = {
			isa = XCBuildConfiguration;
			baseConfigurationReference = F57A170F69DDEB55204A1E95 /* Pods-Flix.debug.xcconfig */;
			buildSettings = {
				ASSETCATALOG_COMPILER_APPICON_NAME = AppIcon;
				ASSETCATALOG_COMPILER_GLOBAL_ACCENT_COLOR_NAME = AccentColor;
				CODE_SIGN_STYLE = Automatic;
				DEVELOPMENT_TEAM = 2PM794MB43;
				INFOPLIST_FILE = Flix/Info.plist;
				LD_RUNPATH_SEARCH_PATHS = (
					"$(inherited)",
					"@executable_path/Frameworks",
				);
				PRODUCT_BUNDLE_IDENTIFIER = com.Nagato.Flix;
				PRODUCT_NAME = "$(TARGET_NAME)";
				SWIFT_VERSION = 5.0;
				TARGETED_DEVICE_FAMILY = "1,2";
			};
			name = Debug;
		};
		187A880426FACDEF00F3C1B3 /* Release */ = {
			isa = XCBuildConfiguration;
			baseConfigurationReference = 3C762949C3B9AE1DACD6F1C7 /* Pods-Flix.release.xcconfig */;
			buildSettings = {
				ASSETCATALOG_COMPILER_APPICON_NAME = AppIcon;
				ASSETCATALOG_COMPILER_GLOBAL_ACCENT_COLOR_NAME = AccentColor;
				CODE_SIGN_STYLE = Automatic;
				DEVELOPMENT_TEAM = 2PM794MB43;
				INFOPLIST_FILE = Flix/Info.plist;
				LD_RUNPATH_SEARCH_PATHS = (
					"$(inherited)",
					"@executable_path/Frameworks",
				);
				PRODUCT_BUNDLE_IDENTIFIER = com.Nagato.Flix;
				PRODUCT_NAME = "$(TARGET_NAME)";
				SWIFT_VERSION = 5.0;
				TARGETED_DEVICE_FAMILY = "1,2";
			};
			name = Release;
		};
/* End XCBuildConfiguration section */

/* Begin XCConfigurationList section */
		187A87E926FACDED00F3C1B3 /* Build configuration list for PBXProject "Flix" */ = {
			isa = XCConfigurationList;
			buildConfigurations = (
				187A880026FACDEF00F3C1B3 /* Debug */,
				187A880126FACDEF00F3C1B3 /* Release */,
			);
			defaultConfigurationIsVisible = 0;
			defaultConfigurationName = Release;
		};
		187A880226FACDEF00F3C1B3 /* Build configuration list for PBXNativeTarget "Flix" */ = {
			isa = XCConfigurationList;
			buildConfigurations = (
				187A880326FACDEF00F3C1B3 /* Debug */,
				187A880426FACDEF00F3C1B3 /* Release */,
			);
			defaultConfigurationIsVisible = 0;
			defaultConfigurationName = Release;
		};
/* End XCConfigurationList section */

/* Begin XCRemoteSwiftPackageReference section */
		187A880726FAE99200F3C1B3 /* XCRemoteSwiftPackageReference "AlamofireImage" */ = {
			isa = XCRemoteSwiftPackageReference;
			repositoryURL = "https://github.com/Alamofire/AlamofireImage";
			requirement = {
				kind = upToNextMajorVersion;
				minimumVersion = 4.2.0;
			};
		};
/* End XCRemoteSwiftPackageReference section */

/* Begin XCSwiftPackageProductDependency section */
		187A880826FAE99200F3C1B3 /* AlamofireImage */ = {
			isa = XCSwiftPackageProductDependency;
			package = 187A880726FAE99200F3C1B3 /* XCRemoteSwiftPackageReference "AlamofireImage" */;
			productName = AlamofireImage;
		};
/* End XCSwiftPackageProductDependency section */
	};
	rootObject = 187A87E626FACDED00F3C1B3 /* Project object */;
}
